
Microsoft Visual Studio Solution File, Format Version 12.00
# Visual Studio Version 16
VisualStudioVersion = 16.0.31410.357
MinimumVisualStudioVersion = 10.0.40219.1
Project("{FAE04EC0-301F-11D3-BF4B-00C04F79EFBC}") = "Commercial", "Commercial.csproj", "{EAD819F9-E72C-4F2B-AD30-D7B6F2665299}"
EndProject
Global
	GlobalSection(SolutionConfigurationPlatforms) = preSolution
		Debug|Any CPU = Debug|Any CPU
		Release|Any CPU = Release|Any CPU
	EndGlobalSection
	GlobalSection(ProjectConfigurationPlatforms) = postSolution
		{EAD819F9-E72C-4F2B-AD30-D7B6F2665299}.Debug|Any CPU.ActiveCfg = Debug|Any CPU
		{EAD819F9-E72C-4F2B-AD30-D7B6F2665299}.Debug|Any CPU.Build.0 = Debug|Any CPU
		{EAD819F9-E72C-4F2B-AD30-D7B6F2665299}.Release|Any CPU.ActiveCfg = Release|Any CPU
		{EAD819F9-E72C-4F2B-AD30-D7B6F2665299}.Release|Any CPU.Build.0 = Release|Any CPU
	EndGlobalSection
	GlobalSection(SolutionProperties) = preSolution
		HideSolutionNode = FALSE
	EndGlobalSection
	GlobalSection(ExtensibilityGlobals) = postSolution
		SolutionGuid = {3BD3F7A1-D325-4A85-8799-D09B379C6562}
	EndGlobalSection
EndGlobal
